{
  "name": "redis-streams-manager",
  "version": "1.2.0",
  "lockfileVersion": 1,
  "requires": true,
  "dependencies": {
    "@types/ioredis": {
      "version": "4.17.2",
      "resolved": "https://registry.npmjs.org/@types/ioredis/-/ioredis-4.17.2.tgz",
      "integrity": "sha512-T0sEKyqkhr4/RfgM2iTtmy0uPI4QZ9c0syq3mmAPNS5ZZMzjdtKv1ziuTdyNUvh0mZihXfKcRcWZI2wRYnxO7Q==",
      "dev": true,
      "requires": {
        "@types/node": "*"
      }
    },
    "@types/node": {
      "version": "14.0.26",
      "resolved": "https://registry.npmjs.org/@types/node/-/node-14.0.26.tgz",
      "integrity": "sha512-W+fpe5s91FBGE0pEa0lnqGLL4USgpLgs4nokw16SrBBco/gQxuua7KnArSEOd5iaMqbbSHV10vUDkJYJJqpXKA==",
      "dev": true
    }
  }
}
